
Microsoft Visual Studio Solution File, Format Version 12.00
# Visual Studio Version 17
VisualStudioVersion = 17.13.35931.197
MinimumVisualStudioVersion = 10.0.40219.1
Project("{FAE04EC0-301F-11D3-BF4B-00C04F79EFBC}") = "QLSV", "QLSV\QLSV.csproj", "{0A1F0CC8-3458-40FD-ADBD-584A8E508EAF}"
EndProject
Project("{FAE04EC0-301F-11D3-BF4B-00C04F79EFBC}") = "QLSP", "QLSP\QLSP.csproj", "{213624E8-89EE-4FCD-85BE-8DAADAEEC89A}"
EndProject
Global
	GlobalSection(SolutionConfigurationPlatforms) = preSolution
		Debug|Any CPU = Debug|Any CPU
		Release|Any CPU = Release|Any CPU
	EndGlobalSection
	GlobalSection(ProjectConfigurationPlatforms) = postSolution
		{0A1F0CC8-3458-40FD-ADBD-584A8E508EAF}.Debug|Any CPU.ActiveCfg = Debug|Any CPU
		{0A1F0CC8-3458-40FD-ADBD-584A8E508EAF}.Debug|Any CPU.Build.0 = Debug|Any CPU
		{0A1F0CC8-3458-40FD-ADBD-584A8E508EAF}.Release|Any CPU.ActiveCfg = Release|Any CPU
		{0A1F0CC8-3458-40FD-ADBD-584A8E508EAF}.Release|Any CPU.Build.0 = Release|Any CPU
		{213624E8-89EE-4FCD-85BE-8DAADAEEC89A}.Debug|Any CPU.ActiveCfg = Debug|Any CPU
		{213624E8-89EE-4FCD-85BE-8DAADAEEC89A}.Debug|Any CPU.Build.0 = Debug|Any CPU
		{213624E8-89EE-4FCD-85BE-8DAADAEEC89A}.Release|Any CPU.ActiveCfg = Release|Any CPU
		{213624E8-89EE-4FCD-85BE-8DAADAEEC89A}.Release|Any CPU.Build.0 = Release|Any CPU
	EndGlobalSection
	GlobalSection(SolutionProperties) = preSolution
		HideSolutionNode = FALSE
	EndGlobalSection
	GlobalSection(ExtensibilityGlobals) = postSolution
		SolutionGuid = {CBE85108-FB0C-486C-B74F-D73FA80CF91C}
	EndGlobalSection
EndGlobal
