
Microsoft Visual Studio Solution File, Format Version 12.00
# Visual Studio Version 17
VisualStudioVersion = 17.13.35919.96 d17.13
MinimumVisualStudioVersion = 10.0.40219.1
Project("{FAE04EC0-301F-11D3-BF4B-00C04F79EFBC}") = "Lab05_1", "Lab05_1\Lab05_1.csproj", "{D15C1F54-A677-43CF-A0D5-C429535037B9}"
EndProject
Project("{FAE04EC0-301F-11D3-BF4B-00C04F79EFBC}") = "Lab05_2", "Lab05_2\Lab05_2.csproj", "{631B4C1A-8ED4-41B6-A72B-4E1B5BDCBD1A}"
EndProject
Global
	GlobalSection(SolutionConfigurationPlatforms) = preSolution
		Debug|Any CPU = Debug|Any CPU
		Release|Any CPU = Release|Any CPU
	EndGlobalSection
	GlobalSection(ProjectConfigurationPlatforms) = postSolution
		{D15C1F54-A677-43CF-A0D5-C429535037B9}.Debug|Any CPU.ActiveCfg = Debug|Any CPU
		{D15C1F54-A677-43CF-A0D5-C429535037B9}.Debug|Any CPU.Build.0 = Debug|Any CPU
		{D15C1F54-A677-43CF-A0D5-C429535037B9}.Release|Any CPU.ActiveCfg = Release|Any CPU
		{D15C1F54-A677-43CF-A0D5-C429535037B9}.Release|Any CPU.Build.0 = Release|Any CPU
		{631B4C1A-8ED4-41B6-A72B-4E1B5BDCBD1A}.Debug|Any CPU.ActiveCfg = Debug|Any CPU
		{631B4C1A-8ED4-41B6-A72B-4E1B5BDCBD1A}.Debug|Any CPU.Build.0 = Debug|Any CPU
		{631B4C1A-8ED4-41B6-A72B-4E1B5BDCBD1A}.Release|Any CPU.ActiveCfg = Release|Any CPU
		{631B4C1A-8ED4-41B6-A72B-4E1B5BDCBD1A}.Release|Any CPU.Build.0 = Release|Any CPU
	EndGlobalSection
	GlobalSection(SolutionProperties) = preSolution
		HideSolutionNode = FALSE
	EndGlobalSection
	GlobalSection(ExtensibilityGlobals) = postSolution
		SolutionGuid = {CE989D42-9DAB-4941-912C-2E42CEFBB4CB}
	EndGlobalSection
EndGlobal
