
Microsoft Visual Studio Solution File, Format Version 12.00
# Visual Studio Version 17
VisualStudioVersion = 17.13.35931.197 d17.13
MinimumVisualStudioVersion = 10.0.40219.1
Project("{FAE04EC0-301F-11D3-BF4B-00C04F79EFBC}") = "Lab02", "Lab02\Lab02.csproj", "{9F88D3D9-2B73-4A82-BFAE-4A052B5AE3F9}"
EndProject
Global
	GlobalSection(SolutionConfigurationPlatforms) = preSolution
		Debug|Any CPU = Debug|Any CPU
		Release|Any CPU = Release|Any CPU
	EndGlobalSection
	GlobalSection(ProjectConfigurationPlatforms) = postSolution
		{9F88D3D9-2B73-4A82-BFAE-4A052B5AE3F9}.Debug|Any CPU.ActiveCfg = Debug|Any CPU
		{9F88D3D9-2B73-4A82-BFAE-4A052B5AE3F9}.Debug|Any CPU.Build.0 = Debug|Any CPU
		{9F88D3D9-2B73-4A82-BFAE-4A052B5AE3F9}.Release|Any CPU.ActiveCfg = Release|Any CPU
		{9F88D3D9-2B73-4A82-BFAE-4A052B5AE3F9}.Release|Any CPU.Build.0 = Release|Any CPU
	EndGlobalSection
	GlobalSection(SolutionProperties) = preSolution
		HideSolutionNode = FALSE
	EndGlobalSection
	GlobalSection(ExtensibilityGlobals) = postSolution
		SolutionGuid = {558F1235-3CD7-4EB8-974D-A605375D1F4F}
	EndGlobalSection
EndGlobal
