
Microsoft Visual Studio Solution File, Format Version 12.00
# Visual Studio Version 17
VisualStudioVersion = 17.13.35919.96
MinimumVisualStudioVersion = 10.0.40219.1
Project("{FAE04EC0-301F-11D3-BF4B-00C04F79EFBC}") = "Lab03_1", "Lab03_1\Lab03_1.csproj", "{8455E617-DC3B-4E66-82F5-0276F3F697A6}"
EndProject
Project("{FAE04EC0-301F-11D3-BF4B-00C04F79EFBC}") = "Lab03_2", "Lab03_2\Lab03_2.csproj", "{A8CD38A5-E380-43FD-8E9F-96A4BFE03766}"
EndProject
Project("{FAE04EC0-301F-11D3-BF4B-00C04F79EFBC}") = "Lab03_3", "Lab03_3\Lab03_3.csproj", "{DFA1F10D-51DD-4DC3-9C86-9159DBAE31E2}"
EndProject
Project("{FAE04EC0-301F-11D3-BF4B-00C04F79EFBC}") = "Lab03_4", "Lab03_4\Lab03_4.csproj", "{D73A1494-23C3-4721-9BBB-C2494772C9F5}"
EndProject
Project("{FAE04EC0-301F-11D3-BF4B-00C04F79EFBC}") = "Lab03_5", "Lab03_5\Lab03_5.csproj", "{0FFFBEB8-6356-49D7-AC4E-FC735D0E8B3F}"
EndProject
Project("{FAE04EC0-301F-11D3-BF4B-00C04F79EFBC}") = "Lab03_6", "Lab03_6\Lab03_6.csproj", "{946EBC0F-7F58-4EB5-9C76-E561573CAA1B}"
EndProject
Project("{FAE04EC0-301F-11D3-BF4B-00C04F79EFBC}") = "Lab03_7", "Lab03_7\Lab03_7.csproj", "{97CB0356-38FB-4FF8-8D20-3624C4DDFE39}"
EndProject
Project("{FAE04EC0-301F-11D3-BF4B-00C04F79EFBC}") = "Lab03_8", "Lab03_8\Lab03_8.csproj", "{E35AC43E-FB64-40C3-8950-C4CA4684A932}"
EndProject
Project("{FAE04EC0-301F-11D3-BF4B-00C04F79EFBC}") = "Lab03_9", "Lab03_9\Lab03_9.csproj", "{609B69CF-B288-491E-9D10-6C59CBBE8001}"
EndProject
Project("{FAE04EC0-301F-11D3-BF4B-00C04F79EFBC}") = "Lab03_10", "Lab03_10\Lab03_10.csproj", "{ED9A1C47-E03E-4054-8079-34692F9E68F0}"
EndProject
Project("{FAE04EC0-301F-11D3-BF4B-00C04F79EFBC}") = "Lab03_11", "Lab03_11\Lab03_11.csproj", "{84139DA8-7148-45AA-A492-21510F9548E2}"
EndProject
Project("{FAE04EC0-301F-11D3-BF4B-00C04F79EFBC}") = "Lab03_12", "Lab03_12\Lab03_12.csproj", "{FE05D3D3-5A63-405B-980C-BE1E619CAA78}"
EndProject
Project("{FAE04EC0-301F-11D3-BF4B-00C04F79EFBC}") = "Lab03_13", "Lab03_13\Lab03_13.csproj", "{7087B6B6-B2B5-4889-80E9-52E997F37F5B}"
EndProject
Project("{FAE04EC0-301F-11D3-BF4B-00C04F79EFBC}") = "Lab03_14", "Lab03_14\Lab03_14.csproj", "{3DBD2834-C68E-45CD-8343-3E54E0409D79}"
EndProject
Project("{FAE04EC0-301F-11D3-BF4B-00C04F79EFBC}") = "Lab03_15", "Lab03_15\Lab03_15.csproj", "{0EE155D8-932D-4DBB-876F-E705BD77ACF5}"
EndProject
Global
	GlobalSection(SolutionConfigurationPlatforms) = preSolution
		Debug|Any CPU = Debug|Any CPU
		Release|Any CPU = Release|Any CPU
	EndGlobalSection
	GlobalSection(ProjectConfigurationPlatforms) = postSolution
		{8455E617-DC3B-4E66-82F5-0276F3F697A6}.Debug|Any CPU.ActiveCfg = Debug|Any CPU
		{8455E617-DC3B-4E66-82F5-0276F3F697A6}.Debug|Any CPU.Build.0 = Debug|Any CPU
		{8455E617-DC3B-4E66-82F5-0276F3F697A6}.Release|Any CPU.ActiveCfg = Release|Any CPU
		{8455E617-DC3B-4E66-82F5-0276F3F697A6}.Release|Any CPU.Build.0 = Release|Any CPU
		{A8CD38A5-E380-43FD-8E9F-96A4BFE03766}.Debug|Any CPU.ActiveCfg = Debug|Any CPU
		{A8CD38A5-E380-43FD-8E9F-96A4BFE03766}.Debug|Any CPU.Build.0 = Debug|Any CPU
		{A8CD38A5-E380-43FD-8E9F-96A4BFE03766}.Release|Any CPU.ActiveCfg = Release|Any CPU
		{A8CD38A5-E380-43FD-8E9F-96A4BFE03766}.Release|Any CPU.Build.0 = Release|Any CPU
		{DFA1F10D-51DD-4DC3-9C86-9159DBAE31E2}.Debug|Any CPU.ActiveCfg = Debug|Any CPU
		{DFA1F10D-51DD-4DC3-9C86-9159DBAE31E2}.Debug|Any CPU.Build.0 = Debug|Any CPU
		{DFA1F10D-51DD-4DC3-9C86-9159DBAE31E2}.Release|Any CPU.ActiveCfg = Release|Any CPU
		{DFA1F10D-51DD-4DC3-9C86-9159DBAE31E2}.Release|Any CPU.Build.0 = Release|Any CPU
		{D73A1494-23C3-4721-9BBB-C2494772C9F5}.Debug|Any CPU.ActiveCfg = Debug|Any CPU
		{D73A1494-23C3-4721-9BBB-C2494772C9F5}.Debug|Any CPU.Build.0 = Debug|Any CPU
		{D73A1494-23C3-4721-9BBB-C2494772C9F5}.Release|Any CPU.ActiveCfg = Release|Any CPU
		{D73A1494-23C3-4721-9BBB-C2494772C9F5}.Release|Any CPU.Build.0 = Release|Any CPU
		{0FFFBEB8-6356-49D7-AC4E-FC735D0E8B3F}.Debug|Any CPU.ActiveCfg = Debug|Any CPU
		{0FFFBEB8-6356-49D7-AC4E-FC735D0E8B3F}.Debug|Any CPU.Build.0 = Debug|Any CPU
		{0FFFBEB8-6356-49D7-AC4E-FC735D0E8B3F}.Release|Any CPU.ActiveCfg = Release|Any CPU
		{0FFFBEB8-6356-49D7-AC4E-FC735D0E8B3F}.Release|Any CPU.Build.0 = Release|Any CPU
		{946EBC0F-7F58-4EB5-9C76-E561573CAA1B}.Debug|Any CPU.ActiveCfg = Debug|Any CPU
		{946EBC0F-7F58-4EB5-9C76-E561573CAA1B}.Debug|Any CPU.Build.0 = Debug|Any CPU
		{946EBC0F-7F58-4EB5-9C76-E561573CAA1B}.Release|Any CPU.ActiveCfg = Release|Any CPU
		{946EBC0F-7F58-4EB5-9C76-E561573CAA1B}.Release|Any CPU.Build.0 = Release|Any CPU
		{97CB0356-38FB-4FF8-8D20-3624C4DDFE39}.Debug|Any CPU.ActiveCfg = Debug|Any CPU
		{97CB0356-38FB-4FF8-8D20-3624C4DDFE39}.Debug|Any CPU.Build.0 = Debug|Any CPU
		{97CB0356-38FB-4FF8-8D20-3624C4DDFE39}.Release|Any CPU.ActiveCfg = Release|Any CPU
		{97CB0356-38FB-4FF8-8D20-3624C4DDFE39}.Release|Any CPU.Build.0 = Release|Any CPU
		{E35AC43E-FB64-40C3-8950-C4CA4684A932}.Debug|Any CPU.ActiveCfg = Debug|Any CPU
		{E35AC43E-FB64-40C3-8950-C4CA4684A932}.Debug|Any CPU.Build.0 = Debug|Any CPU
		{E35AC43E-FB64-40C3-8950-C4CA4684A932}.Release|Any CPU.ActiveCfg = Release|Any CPU
		{E35AC43E-FB64-40C3-8950-C4CA4684A932}.Release|Any CPU.Build.0 = Release|Any CPU
		{609B69CF-B288-491E-9D10-6C59CBBE8001}.Debug|Any CPU.ActiveCfg = Debug|Any CPU
		{609B69CF-B288-491E-9D10-6C59CBBE8001}.Debug|Any CPU.Build.0 = Debug|Any CPU
		{609B69CF-B288-491E-9D10-6C59CBBE8001}.Release|Any CPU.ActiveCfg = Release|Any CPU
		{609B69CF-B288-491E-9D10-6C59CBBE8001}.Release|Any CPU.Build.0 = Release|Any CPU
		{ED9A1C47-E03E-4054-8079-34692F9E68F0}.Debug|Any CPU.ActiveCfg = Debug|Any CPU
		{ED9A1C47-E03E-4054-8079-34692F9E68F0}.Debug|Any CPU.Build.0 = Debug|Any CPU
		{ED9A1C47-E03E-4054-8079-34692F9E68F0}.Release|Any CPU.ActiveCfg = Release|Any CPU
		{ED9A1C47-E03E-4054-8079-34692F9E68F0}.Release|Any CPU.Build.0 = Release|Any CPU
		{84139DA8-7148-45AA-A492-21510F9548E2}.Debug|Any CPU.ActiveCfg = Debug|Any CPU
		{84139DA8-7148-45AA-A492-21510F9548E2}.Debug|Any CPU.Build.0 = Debug|Any CPU
		{84139DA8-7148-45AA-A492-21510F9548E2}.Release|Any CPU.ActiveCfg = Release|Any CPU
		{84139DA8-7148-45AA-A492-21510F9548E2}.Release|Any CPU.Build.0 = Release|Any CPU
		{FE05D3D3-5A63-405B-980C-BE1E619CAA78}.Debug|Any CPU.ActiveCfg = Debug|Any CPU
		{FE05D3D3-5A63-405B-980C-BE1E619CAA78}.Debug|Any CPU.Build.0 = Debug|Any CPU
		{FE05D3D3-5A63-405B-980C-BE1E619CAA78}.Release|Any CPU.ActiveCfg = Release|Any CPU
		{FE05D3D3-5A63-405B-980C-BE1E619CAA78}.Release|Any CPU.Build.0 = Release|Any CPU
		{7087B6B6-B2B5-4889-80E9-52E997F37F5B}.Debug|Any CPU.ActiveCfg = Debug|Any CPU
		{7087B6B6-B2B5-4889-80E9-52E997F37F5B}.Debug|Any CPU.Build.0 = Debug|Any CPU
		{7087B6B6-B2B5-4889-80E9-52E997F37F5B}.Release|Any CPU.ActiveCfg = Release|Any CPU
		{7087B6B6-B2B5-4889-80E9-52E997F37F5B}.Release|Any CPU.Build.0 = Release|Any CPU
		{3DBD2834-C68E-45CD-8343-3E54E0409D79}.Debug|Any CPU.ActiveCfg = Debug|Any CPU
		{3DBD2834-C68E-45CD-8343-3E54E0409D79}.Debug|Any CPU.Build.0 = Debug|Any CPU
		{3DBD2834-C68E-45CD-8343-3E54E0409D79}.Release|Any CPU.ActiveCfg = Release|Any CPU
		{3DBD2834-C68E-45CD-8343-3E54E0409D79}.Release|Any CPU.Build.0 = Release|Any CPU
		{0EE155D8-932D-4DBB-876F-E705BD77ACF5}.Debug|Any CPU.ActiveCfg = Debug|Any CPU
		{0EE155D8-932D-4DBB-876F-E705BD77ACF5}.Debug|Any CPU.Build.0 = Debug|Any CPU
		{0EE155D8-932D-4DBB-876F-E705BD77ACF5}.Release|Any CPU.ActiveCfg = Release|Any CPU
		{0EE155D8-932D-4DBB-876F-E705BD77ACF5}.Release|Any CPU.Build.0 = Release|Any CPU
	EndGlobalSection
	GlobalSection(SolutionProperties) = preSolution
		HideSolutionNode = FALSE
	EndGlobalSection
	GlobalSection(ExtensibilityGlobals) = postSolution
		SolutionGuid = {304CD245-86F2-40FB-B51D-3F4FFD62AD4F}
	EndGlobalSection
EndGlobal
